
Microsoft Visual Studio Solution File, Format Version 12.00
# Visual Studio Version 17
VisualStudioVersion = 17.8.34511.84
MinimumVisualStudioVersion = 10.0.40219.1
Project("{FAE04EC0-301F-11D3-BF4B-00C04F79EFBC}") = "Figures", "Figures.csproj", "{78249C6F-7917-498E-98D6-8C2CEDC6DE72}"
EndProject
Global
	GlobalSection(SolutionConfigurationPlatforms) = preSolution
		Debug|Any CPU = Debug|Any CPU
		Release|Any CPU = Release|Any CPU
	EndGlobalSection
	GlobalSection(ProjectConfigurationPlatforms) = postSolution
		{78249C6F-7917-498E-98D6-8C2CEDC6DE72}.Debug|Any CPU.ActiveCfg = Debug|Any CPU
		{78249C6F-7917-498E-98D6-8C2CEDC6DE72}.Debug|Any CPU.Build.0 = Debug|Any CPU
		{78249C6F-7917-498E-98D6-8C2CEDC6DE72}.Release|Any CPU.ActiveCfg = Release|Any CPU
		{78249C6F-7917-498E-98D6-8C2CEDC6DE72}.Release|Any CPU.Build.0 = Release|Any CPU
	EndGlobalSection
	GlobalSection(SolutionProperties) = preSolution
		HideSolutionNode = FALSE
	EndGlobalSection
	GlobalSection(ExtensibilityGlobals) = postSolution
		SolutionGuid = {7AD153B1-8044-415B-B12F-FD9C88A3E9BF}
	EndGlobalSection
EndGlobal
