
Microsoft Visual Studio Solution File, Format Version 12.00
# Visual Studio Version 17
VisualStudioVersion = 17.8.34525.116
MinimumVisualStudioVersion = 10.0.40219.1
Project("{FAE04EC0-301F-11D3-BF4B-00C04F79EFBC}") = "Reflection", "Reflection.csproj", "{DC8012FC-8A4B-4BD4-9BE9-D023EE9DE88D}"
EndProject
Global
	GlobalSection(SolutionConfigurationPlatforms) = preSolution
		Debug|Any CPU = Debug|Any CPU
		Release|Any CPU = Release|Any CPU
	EndGlobalSection
	GlobalSection(ProjectConfigurationPlatforms) = postSolution
		{DC8012FC-8A4B-4BD4-9BE9-D023EE9DE88D}.Debug|Any CPU.ActiveCfg = Debug|Any CPU
		{DC8012FC-8A4B-4BD4-9BE9-D023EE9DE88D}.Debug|Any CPU.Build.0 = Debug|Any CPU
		{DC8012FC-8A4B-4BD4-9BE9-D023EE9DE88D}.Release|Any CPU.ActiveCfg = Release|Any CPU
		{DC8012FC-8A4B-4BD4-9BE9-D023EE9DE88D}.Release|Any CPU.Build.0 = Release|Any CPU
	EndGlobalSection
	GlobalSection(SolutionProperties) = preSolution
		HideSolutionNode = FALSE
	EndGlobalSection
	GlobalSection(ExtensibilityGlobals) = postSolution
		SolutionGuid = {6797A125-F4A0-41A7-92B1-4A749ACA543B}
	EndGlobalSection
EndGlobal
