
Microsoft Visual Studio Solution File, Format Version 12.00
# Visual Studio Version 17
VisualStudioVersion = 17.8.34525.116
MinimumVisualStudioVersion = 10.0.40219.1
Project("{FAE04EC0-301F-11D3-BF4B-00C04F79EFBC}") = "DateWithOperators", "DateWithOperators.csproj", "{FAEB340C-48B0-4AF2-96F1-8344F44A4746}"
EndProject
Global
	GlobalSection(SolutionConfigurationPlatforms) = preSolution
		Debug|Any CPU = Debug|Any CPU
		Release|Any CPU = Release|Any CPU
	EndGlobalSection
	GlobalSection(ProjectConfigurationPlatforms) = postSolution
		{FAEB340C-48B0-4AF2-96F1-8344F44A4746}.Debug|Any CPU.ActiveCfg = Debug|Any CPU
		{FAEB340C-48B0-4AF2-96F1-8344F44A4746}.Debug|Any CPU.Build.0 = Debug|Any CPU
		{FAEB340C-48B0-4AF2-96F1-8344F44A4746}.Release|Any CPU.ActiveCfg = Release|Any CPU
		{FAEB340C-48B0-4AF2-96F1-8344F44A4746}.Release|Any CPU.Build.0 = Release|Any CPU
	EndGlobalSection
	GlobalSection(SolutionProperties) = preSolution
		HideSolutionNode = FALSE
	EndGlobalSection
	GlobalSection(ExtensibilityGlobals) = postSolution
		SolutionGuid = {C2A6E759-67FE-4A1A-B2E8-42553A04C872}
	EndGlobalSection
EndGlobal
