
Microsoft Visual Studio Solution File, Format Version 12.00
# Visual Studio Version 17
VisualStudioVersion = 17.8.34511.84
MinimumVisualStudioVersion = 10.0.40219.1
Project("{FAE04EC0-301F-11D3-BF4B-00C04F79EFBC}") = "LaunchParameters", "LaunchParameters.csproj", "{2AD3FBFC-F1D6-45C4-8442-06A769A5A4E1}"
EndProject
Global
	GlobalSection(SolutionConfigurationPlatforms) = preSolution
		Debug|Any CPU = Debug|Any CPU
		Release|Any CPU = Release|Any CPU
	EndGlobalSection
	GlobalSection(ProjectConfigurationPlatforms) = postSolution
		{2AD3FBFC-F1D6-45C4-8442-06A769A5A4E1}.Debug|Any CPU.ActiveCfg = Debug|Any CPU
		{2AD3FBFC-F1D6-45C4-8442-06A769A5A4E1}.Debug|Any CPU.Build.0 = Debug|Any CPU
		{2AD3FBFC-F1D6-45C4-8442-06A769A5A4E1}.Release|Any CPU.ActiveCfg = Release|Any CPU
		{2AD3FBFC-F1D6-45C4-8442-06A769A5A4E1}.Release|Any CPU.Build.0 = Release|Any CPU
	EndGlobalSection
	GlobalSection(SolutionProperties) = preSolution
		HideSolutionNode = FALSE
	EndGlobalSection
	GlobalSection(ExtensibilityGlobals) = postSolution
		SolutionGuid = {B5E4694D-EE35-4EAB-9447-0BCB0EDE34FD}
	EndGlobalSection
EndGlobal
