
Microsoft Visual Studio Solution File, Format Version 12.00
# Visual Studio Version 17
VisualStudioVersion = 17.8.34511.84
MinimumVisualStudioVersion = 10.0.40219.1
Project("{FAE04EC0-301F-11D3-BF4B-00C04F79EFBC}") = "CountOfCrows", "CountOfCrows.csproj", "{06C26013-72BA-48B6-AA31-425B96909F75}"
EndProject
Global
	GlobalSection(SolutionConfigurationPlatforms) = preSolution
		Debug|Any CPU = Debug|Any CPU
		Release|Any CPU = Release|Any CPU
	EndGlobalSection
	GlobalSection(ProjectConfigurationPlatforms) = postSolution
		{06C26013-72BA-48B6-AA31-425B96909F75}.Debug|Any CPU.ActiveCfg = Debug|Any CPU
		{06C26013-72BA-48B6-AA31-425B96909F75}.Debug|Any CPU.Build.0 = Debug|Any CPU
		{06C26013-72BA-48B6-AA31-425B96909F75}.Release|Any CPU.ActiveCfg = Release|Any CPU
		{06C26013-72BA-48B6-AA31-425B96909F75}.Release|Any CPU.Build.0 = Release|Any CPU
	EndGlobalSection
	GlobalSection(SolutionProperties) = preSolution
		HideSolutionNode = FALSE
	EndGlobalSection
	GlobalSection(ExtensibilityGlobals) = postSolution
		SolutionGuid = {D7AD9BE2-CCE7-4F77-B584-CC9609010232}
	EndGlobalSection
EndGlobal
